{
  "version": 1,
  "dependencies": {
    "net10.0": {
      "Azure.Identity": {
        "type": "Direct",
        "requested": "[1.21.0, )",
        "resolved": "1.21.0",
        "contentHash": "GeFv8sGwRKvDKwI2WFy8r0mhmlxEVZg24Sit2NogTjiSO8RVjllWM65OT6e1sKjOvG8V74y7hAbaELUUPjZQSw==",
        "dependencies": {
          "Azure.Core": "1.53.0"
        }
      },
      "Azure.Storage.Blobs": {
        "type": "Direct",
        "requested": "[12.28.0, )",
        "resolved": "12.28.0",
        "contentHash": "OK6slT3Hq3Yp2HWA0e23YHheHzKNbYjBZOwdT4fQ1iMH6I/8e6X8kAJLuKqVUeFBy160QSwhsynA3HxhVSHEcg==",
        "dependencies": {
          "Azure.Core": "1.51.1",
          "Azure.Storage.Common": "12.27.0"
        }
      },
      "Microsoft.ApplicationInsights.AspNetCore": {
        "type": "Direct",
        "requested": "[3.1.1, )",
        "resolved": "3.1.1",
        "contentHash": "+vVX1KJFGcZBPSCrTUG2yZf9GQ9O9LFog+JhSFhuuvlNfyQEjNzotys/UKQs4/BE7tBl9f6iK+HqJuNbqjmNIw==",
        "dependencies": {
          "Microsoft.ApplicationInsights": "3.1.1",
          "OpenTelemetry.Extensions.Hosting": "1.15.3",
          "OpenTelemetry.Instrumentation.AspNetCore": "1.15.2",
          "OpenTelemetry.Instrumentation.Http": "1.15.1",
          "OpenTelemetry.Instrumentation.SqlClient": "1.15.2"
        }
      },
      "Microsoft.Data.SqlClient": {
        "type": "Direct",
        "requested": "[7.0.1, )",
        "resolved": "7.0.1",
        "contentHash": "9jZFXAJ2ThNYK7lhj2RhH7klXVNaWSvZpQncq3bPIOjmHBrdjwgeO4c8wucUVxQwFT8rAA13Z2F2jzoYR7ICDw==",
        "dependencies": {
          "Microsoft.Bcl.Cryptography": "9.0.13",
          "Microsoft.Data.SqlClient.Extensions.Abstractions": "1.0.0",
          "Microsoft.Data.SqlClient.Internal.Logging": "1.0.0",
          "Microsoft.Data.SqlClient.SNI.runtime": "6.0.2",
          "Microsoft.IdentityModel.JsonWebTokens": "8.16.0",
          "Microsoft.IdentityModel.Protocols.OpenIdConnect": "8.16.0",
          "Microsoft.SqlServer.Server": "1.0.0",
          "System.Configuration.ConfigurationManager": "9.0.13",
          "System.Security.Cryptography.Pkcs": "9.0.13"
        }
      },
      "Microsoft.Data.SqlClient.Extensions.Azure": {
        "type": "Direct",
        "requested": "[1.0.0, )",
        "resolved": "1.0.0",
        "contentHash": "Q1yVUvxh1Xu2I0eyLkBUJ/OI+YAqjO+HEWWrAzv1cAdSbVbaoa54uJZbFX8q6jFc1VtrHxZuNonISq9SKFXPfA==",
        "dependencies": {
          "Azure.Core": "1.51.1",
          "Azure.Identity": "1.18.0",
          "Microsoft.Data.SqlClient.Extensions.Abstractions": "1.0.0",
          "Microsoft.Data.SqlClient.Internal.Logging": "1.0.0",
          "Microsoft.Identity.Client": "4.83.0"
        }
      },
      "ModelContextProtocol.AspNetCore": {
        "type": "Direct",
        "requested": "[1.3.0, )",
        "resolved": "1.3.0",
        "contentHash": "bKQAVc9Npwbbxaa53PTY5NCszoxkSIZ1ZyCpoVFHMQqZtEmXaYNz+2QUXmf0ILWQduRMd2GYi9TL431mMnpbCA==",
        "dependencies": {
          "ModelContextProtocol": "1.3.0"
        }
      },
      "Azure.Core": {
        "type": "Transitive",
        "resolved": "1.54.0",
        "contentHash": "m6hHbx1q9+GCBZ5A9ykzFylPdTwscX2APH7PlnqV+yu+DH3RRtuIDJMRqdU17cMyinv0hCPofpegoyQ6qWPW7g==",
        "dependencies": {
          "Microsoft.Bcl.AsyncInterfaces": "10.0.3",
          "Microsoft.Identity.Client": "4.83.1",
          "Microsoft.Identity.Client.Extensions.Msal": "4.83.1",
          "System.ClientModel": "1.10.0",
          "System.Memory.Data": "10.0.3"
        }
      },
      "Azure.Monitor.OpenTelemetry.Exporter": {
        "type": "Transitive",
        "resolved": "1.8.0",
        "contentHash": "JbNUQIK7uZ7Mg2fZzdsjqC/eso3Ag/tMwCqYvGvedyE1fObe6JAwCaCSMZDMrhrAaFn8x8+ZaKJelfcEK5MCcg==",
        "dependencies": {
          "Azure.Core": "1.54.0",
          "OpenTelemetry.Extensions.Hosting": "1.15.3",
          "OpenTelemetry.PersistentStorage.FileSystem": "1.0.3"
        }
      },
      "Azure.Storage.Common": {
        "type": "Transitive",
        "resolved": "12.27.0",
        "contentHash": "PBucMNzot6cYyN0isdte50iPCefJ4Ylg0B+KP4kxmqsc3ciOiDYh1MwVV6fPZPjoPnPvNRLN9TI6J5hgNf4huA==",
        "dependencies": {
          "Azure.Core": "1.51.1",
          "System.IO.Hashing": "10.0.3"
        }
      },
      "Microsoft.ApplicationInsights": {
        "type": "Transitive",
        "resolved": "3.1.1",
        "contentHash": "TbHfN7FKYAutSKY7p4TRoZTDunD+RUCiWXKOpuPhaNCPhxD8lA+wYYPqkpAt16YaUKXCYV7JhRpLN/MSbG40cg==",
        "dependencies": {
          "Azure.Monitor.OpenTelemetry.Exporter": "1.8.0"
        }
      },
      "Microsoft.Bcl.AsyncInterfaces": {
        "type": "Transitive",
        "resolved": "10.0.3",
        "contentHash": "TV62UsrJZPX6gbt3c4WrtXh7bmaDIcMqf9uft1cc4L6gJXOU07hDGEh+bFQh/L2Az0R1WVOkiT66lFqS6G2NmA=="
      },
      "Microsoft.Bcl.Cryptography": {
        "type": "Transitive",
        "resolved": "9.0.13",
        "contentHash": "5T+bH3Lb1nEe8Hf/ixMxLmhlrx5wRi53wv7OhVwG2F1ZviW1ejFRS1NHur3uqPpJRGtkQwUchtY6zhVK2R+v+w=="
      },
      "Microsoft.Data.SqlClient.Extensions.Abstractions": {
        "type": "Transitive",
        "resolved": "1.0.0",
        "contentHash": "rlnxc0KfwDSbE8ZHntFnl8SCgOa9QtJZblMv2zXLhRwl1Je7fsdsVzxSjzzC4JMsfAK+jXJWyezRB8SxUY4BdA==",
        "dependencies": {
          "Microsoft.Data.SqlClient.Internal.Logging": "1.0.0"
        }
      },
      "Microsoft.Data.SqlClient.Internal.Logging": {
        "type": "Transitive",
        "resolved": "1.0.0",
        "contentHash": "Kue/7CF8KNT9zozfr30C94dMZVZml3atqWZvQemSXvTau76tRdypzeKiBKXadqgbOME0UiQIyVTNo5WxCRNVNg=="
      },
      "Microsoft.Data.SqlClient.SNI.runtime": {
        "type": "Transitive",
        "resolved": "6.0.2",
        "contentHash": "f+pRODTWX7Y67jXO3T5S2dIPZ9qMJNySjlZT/TKmWVNWe19N8jcWmHaqHnnchaq3gxEKv1SWVY5EFzOD06l41w=="
      },
      "Microsoft.Extensions.AI.Abstractions": {
        "type": "Transitive",
        "resolved": "10.5.2",
        "contentHash": "Ei+YWV9Ybnps7pR1dgjlG29gelXEwZkhLVAcWmKe6HvXS6LNBYgSdWiY3Hk9OZXYtK34rv/NtLWBQYQGOBQYPQ=="
      },
      "Microsoft.Identity.Client": {
        "type": "Transitive",
        "resolved": "4.83.1",
        "contentHash": "jOLIrZ3cynoqHLLO1cXplFFabrhrMEYs/EuKHvmCyrOm1axqiVFT6nCSnHxk7w5+d2BeQfCdM12Yf/0X7OeS1g==",
        "dependencies": {
          "Microsoft.IdentityModel.Abstractions": "8.14.0"
        }
      },
      "Microsoft.Identity.Client.Extensions.Msal": {
        "type": "Transitive",
        "resolved": "4.83.1",
        "contentHash": "I3k4J4Hj4KbLEFanjeUzzDOVecukETaTgEkJ7h2pP/Yazs6SLp6TVUTo/Eo+ptPXMwvc+iX7rBFtMSUrA7R+Mg==",
        "dependencies": {
          "Microsoft.Identity.Client": "4.83.1",
          "System.Security.Cryptography.ProtectedData": "4.5.0"
        }
      },
      "Microsoft.IdentityModel.Abstractions": {
        "type": "Transitive",
        "resolved": "8.16.0",
        "contentHash": "gSxKLWRZzBpIsEoeUPkxfywNCCvRvl7hkq146XHPk5vOQc9izSf1I+uL1vh4y2U19QPxd9Z8K/8AdWyxYz2lSg=="
      },
      "Microsoft.IdentityModel.JsonWebTokens": {
        "type": "Transitive",
        "resolved": "8.16.0",
        "contentHash": "prBU72cIP4V8E9fhN+o/YdskTsLeIcnKPbhZf0X6mD7fdxoZqnS/NdEkSr+9Zp+2q7OZBOMfNBKGbTbhXODO4w==",
        "dependencies": {
          "Microsoft.IdentityModel.Tokens": "8.16.0"
        }
      },
      "Microsoft.IdentityModel.Logging": {
        "type": "Transitive",
        "resolved": "8.16.0",
        "contentHash": "MTzXmETkNQPACR7/XCXM1OGM6oU9RkyibqeJRtO9Ndew2LnGjMf9Atqj2VSf4XC27X0FQycUAlzxxEgQMWn2xQ==",
        "dependencies": {
          "Microsoft.IdentityModel.Abstractions": "8.16.0"
        }
      },
      "Microsoft.IdentityModel.Protocols": {
        "type": "Transitive",
        "resolved": "8.16.0",
        "contentHash": "UFrU7d46UTsPQTa2HIEIpB9H1uJe1BW9FLw5uhEJ2ZuKdur8bcUA/bO5caq5dlBt5gNJeRIB3QQXYNs5fCQCZA==",
        "dependencies": {
          "Microsoft.IdentityModel.Tokens": "8.16.0"
        }
      },
      "Microsoft.IdentityModel.Protocols.OpenIdConnect": {
        "type": "Transitive",
        "resolved": "8.16.0",
        "contentHash": "h4yVXyJsEBBX5lg2G5ftMsi5JzcNEGAzrNphA6DQ6eOd8P0s+cDCOyPwVTYLePZvJL5unbPvYIvzrbTXzFjXnQ==",
        "dependencies": {
          "Microsoft.IdentityModel.Protocols": "8.16.0",
          "System.IdentityModel.Tokens.Jwt": "8.16.0"
        }
      },
      "Microsoft.IdentityModel.Tokens": {
        "type": "Transitive",
        "resolved": "8.16.0",
        "contentHash": "rtViGJcGsN7WcfUNErwNeQgjuU5cJNl6FDQsfi9TncwO+Epzn0FTfBsg3YuFW1Q0Ch/KPxaVdjLw3/+5Z5ceFQ==",
        "dependencies": {
          "Microsoft.IdentityModel.Logging": "8.16.0"
        }
      },
      "Microsoft.SqlServer.Server": {
        "type": "Transitive",
        "resolved": "1.0.0",
        "contentHash": "N4KeF3cpcm1PUHym1RmakkzfkEv3GRMyofVv40uXsQhCQeglr2OHNcUk2WOG51AKpGO8ynGpo9M/kFXSzghwug=="
      },
      "ModelContextProtocol": {
        "type": "Transitive",
        "resolved": "1.3.0",
        "contentHash": "WDaD6z9KkkCUHSo15xK7tYBERHy8uqP+cIUp8uIxhR0yrlpJLXTRcJcUUVqpXlBkV7MK9Eo3mTrAnctLnJuHDQ==",
        "dependencies": {
          "ModelContextProtocol.Core": "1.3.0"
        }
      },
      "ModelContextProtocol.Core": {
        "type": "Transitive",
        "resolved": "1.3.0",
        "contentHash": "OWmdxDSwA7K9pNNg4t98MXNIssHG/wOQEr/G8pG5B7synDdw4MnmZ/IIVeb3yUdeznPqnDHvd3FBCK0jRk4IZQ==",
        "dependencies": {
          "Microsoft.Extensions.AI.Abstractions": "10.5.2"
        }
      },
      "OpenTelemetry": {
        "type": "Transitive",
        "resolved": "1.15.3",
        "contentHash": "N0i6WjPoHPbZyms1ugbDIFAJFuGlpeExJMU/+XSL0lQRUkg/D0utFkDoLXf8Z1km5B+xVZ2GyMXXiX8qdeNmPg==",
        "dependencies": {
          "OpenTelemetry.Api.ProviderBuilderExtensions": "1.15.3"
        }
      },
      "OpenTelemetry.Api": {
        "type": "Transitive",
        "resolved": "1.15.3",
        "contentHash": "fX+fkCysfPut+qCcT3bKqyX4QN9Saf4CgX8HLOHywEVD+Xr7sULtfuypITpoDysjx8R59dn/3mWhgimMH8cm/g=="
      },
      "OpenTelemetry.Api.ProviderBuilderExtensions": {
        "type": "Transitive",
        "resolved": "1.15.3",
        "contentHash": "SYn0lqYDwLMWhv/zlNGsQcl2yX++yTumanX46bmOZE/ZDOd1WjPBO2kZaZgKLEZTZk48pavIFGJ6vOvxXgWVFQ==",
        "dependencies": {
          "OpenTelemetry.Api": "1.15.3"
        }
      },
      "OpenTelemetry.Extensions.Hosting": {
        "type": "Transitive",
        "resolved": "1.15.3",
        "contentHash": "u8n/W8yIlqv0BXZmvId1iVaeWXG42tGKdTkuLYg5g57Y/r9CeUNzqtrSHNdG5IoO8iPX79w3v+WsbAHgUQbfeg==",
        "dependencies": {
          "OpenTelemetry": "1.15.3"
        }
      },
      "OpenTelemetry.Instrumentation.AspNetCore": {
        "type": "Transitive",
        "resolved": "1.15.2",
        "contentHash": "2nPd7r0ug/gd6/CNFL6Rlu+RSQ9WYGSGHAYQ1ssbSqyzKJpqTunfx2I/1O0WB5k+L0cyXbG4XVZpoSoUc3M7wg==",
        "dependencies": {
          "OpenTelemetry.Api.ProviderBuilderExtensions": "[1.15.3, 2.0.0)"
        }
      },
      "OpenTelemetry.Instrumentation.Http": {
        "type": "Transitive",
        "resolved": "1.15.1",
        "contentHash": "vFO4Fj/dXkoVNGo/nhoGpO2zYQmZwr4jTID7oRGo+XlQ8LqksyZjUXQ4p39RfUvTID7IzzL8Qe71tW7CcAFymA==",
        "dependencies": {
          "OpenTelemetry.Api.ProviderBuilderExtensions": "[1.15.3, 2.0.0)"
        }
      },
      "OpenTelemetry.Instrumentation.SqlClient": {
        "type": "Transitive",
        "resolved": "1.15.2",
        "contentHash": "pRB84YJEXD121kygc6CtcF46dtLuTKIjphA2SJye32G4g2Xl3epkCrOcPCOAg4WDagCdMGa16Ge6PPVzFJZsAQ==",
        "dependencies": {
          "OpenTelemetry.Api.ProviderBuilderExtensions": "[1.15.3, 2.0.0)"
        }
      },
      "OpenTelemetry.PersistentStorage.Abstractions": {
        "type": "Transitive",
        "resolved": "1.0.3",
        "contentHash": "7nSE1uLY0KOHRssg1xQydDZJ/s9zECOzFT/gSDIp1KTxbgd1yziuMTsdBKZ/N1BbpUxfH6Pjq5OMd7lYogwReA=="
      },
      "OpenTelemetry.PersistentStorage.FileSystem": {
        "type": "Transitive",
        "resolved": "1.0.3",
        "contentHash": "3k+yCroJcGBtZIia+0LgzMlBuD0U95BzcWNEGWedusBaRAD8EmkaCPAUwaCtFbb/Mg7HywbIG2zuenANPYFJ0g==",
        "dependencies": {
          "OpenTelemetry.PersistentStorage.Abstractions": "1.0.3"
        }
      },
      "System.ClientModel": {
        "type": "Transitive",
        "resolved": "1.10.0",
        "contentHash": "lBEWs54F5Y5pZ9hC+8z4S/X76957ex+DPk7WecRHlbIHtrPfbRMMlOgI3iDn4Jpb3bSxvBnKaaHoD59auFjlBA==",
        "dependencies": {
          "System.Memory.Data": "10.0.3"
        }
      },
      "System.Configuration.ConfigurationManager": {
        "type": "Transitive",
        "resolved": "9.0.13",
        "contentHash": "GbBrJq9S/gYpHzm7Pxx6Y5tDyfSfyxW6tlP5oiKJV38uf19Wp+GIIAnWfyL1zmNiz1+EjwVapw2WkBFvvqKQzg==",
        "dependencies": {
          "System.Security.Cryptography.ProtectedData": "9.0.13"
        }
      },
      "System.IdentityModel.Tokens.Jwt": {
        "type": "Transitive",
        "resolved": "8.16.0",
        "contentHash": "rrs2u7DRMXQG2yh0oVyF/vLwosfRv20Ld2iEpYcKwQWXHjfV+gFXNQsQ9p008kR9Ou4pxBs68Q6/9zC8Gi1wjg==",
        "dependencies": {
          "Microsoft.IdentityModel.JsonWebTokens": "8.16.0",
          "Microsoft.IdentityModel.Tokens": "8.16.0"
        }
      },
      "System.IO.Hashing": {
        "type": "Transitive",
        "resolved": "10.0.3",
        "contentHash": "La6ICwsdTKhVX+LKN+pvFjQRR3LhLwq3uKdi2knjLzRyPYBSydF4cjXidYxIiTcDD6XVYdsBWQEI8ZxiZ/OdIg=="
      },
      "System.Memory.Data": {
        "type": "Transitive",
        "resolved": "10.0.3",
        "contentHash": "MaGhRfGunmrj/nHjtsi9XkhlYJ/ERGWrbA+BiSKNtGnAjc9XlG5EhAvak6VRcX5LYzPF6pBO8nJ613dTgzabig=="
      },
      "System.Security.Cryptography.Pkcs": {
        "type": "Transitive",
        "resolved": "9.0.13",
        "contentHash": "dxJhkuoaelvWy588wPXjShNks+ZMiSgXnN75/u+DPbER5PqKrLPDftE0BvGM7nDK/scQAVlD+gRXlCAAjWi58Q=="
      },
      "System.Security.Cryptography.ProtectedData": {
        "type": "Transitive",
        "resolved": "9.0.13",
        "contentHash": "t8S9IDpjJKsLpLkeBdW8cWtcPyYqrGu93Dej1RO6WwuL/lkFSqWlan3rMJfortqz1mRIh+sys2AFsSA6jWJ3Jg=="
      }
    }
  }
}